// !$*UTF8*$!
{
	archiveVersion = 1;
	classes = {
	};
	objectVersion = 56;
	objects = {

/* Begin PBXBuildFile section */
		5B616CF62CE395F100A0A352 /* MarvelResponse.swift in Sources */ = {isa = PBXBuildFile; fileRef = 5B616CF52CE395F100A0A352 /* MarvelResponse.swift */; };
		5B616CF92CE3B07100A0A352 /* MainCoordinator.swift in Sources */ = {isa = PBXBuildFile; fileRef = 5B616CF82CE3B07100A0A352 /* MainCoordinator.swift */; };
		5B616CFB2CE3BD0500A0A352 /* MarvelCharactersListViewModelTests.swift in Sources */ = {isa = PBXBuildFile; fileRef = 5B616CFA2CE3BD0500A0A352 /* MarvelCharactersListViewModelTests.swift */; };
		5B616CFE2CE3C3E700A0A352 /* MemoryLeakTracking.swift in Sources */ = {isa = PBXBuildFile; fileRef = 5B616CFD2CE3C3E700A0A352 /* MemoryLeakTracking.swift */; };
		5B616D002CE3C40F00A0A352 /* MarvelAPIClientSpy.swift in Sources */ = {isa = PBXBuildFile; fileRef = 5B616CFF2CE3C40F00A0A352 /* MarvelAPIClientSpy.swift */; };
		5B6B83D22CE2CC5E0077B8B1 /* MarvelCharactersDetailsVC.swift in Sources */ = {isa = PBXBuildFile; fileRef = 5B6B83D12CE2CC5E0077B8B1 /* MarvelCharactersDetailsVC.swift */; };
		5B6B83D62CE322A50077B8B1 /* UIScrollView+Pagination.swift in Sources */ = {isa = PBXBuildFile; fileRef = 5B6B83D52CE322A50077B8B1 /* UIScrollView+Pagination.swift */; };
		5B6B83DD2CE3261B0077B8B1 /* LoadMoreTableViewFooter.xib in Resources */ = {isa = PBXBuildFile; fileRef = 5B6B83DB2CE3261B0077B8B1 /* LoadMoreTableViewFooter.xib */; };
		5B6B83DE2CE3261B0077B8B1 /* LoadMoreTableViewFooter.swift in Sources */ = {isa = PBXBuildFile; fileRef = 5B6B83DC2CE3261B0077B8B1 /* LoadMoreTableViewFooter.swift */; };
		5B6B83E72CE351690077B8B1 /* MainImageCell.xib in Resources */ = {isa = PBXBuildFile; fileRef = 5B6B83E62CE351690077B8B1 /* MainImageCell.xib */; };
		5B6B83E92CE351750077B8B1 /* MainImageCell.swift in Sources */ = {isa = PBXBuildFile; fileRef = 5B6B83E82CE351750077B8B1 /* MainImageCell.swift */; };
		5B6B83EB2CE351860077B8B1 /* CharacterInfoCell.xib in Resources */ = {isa = PBXBuildFile; fileRef = 5B6B83EA2CE351860077B8B1 /* CharacterInfoCell.xib */; };
		5B6B83ED2CE3518F0077B8B1 /* CharacterInfoCell.swift in Sources */ = {isa = PBXBuildFile; fileRef = 5B6B83EC2CE3518F0077B8B1 /* CharacterInfoCell.swift */; };
		5B6B83EF2CE351AF0077B8B1 /* CharacterContentContainerCell.swift in Sources */ = {isa = PBXBuildFile; fileRef = 5B6B83EE2CE351AF0077B8B1 /* CharacterContentContainerCell.swift */; };
		5B6B83F12CE351B70077B8B1 /* CharacterContentContainerCell.xib in Resources */ = {isa = PBXBuildFile; fileRef = 5B6B83F02CE351B70077B8B1 /* CharacterContentContainerCell.xib */; };
		5B6B83F32CE351C60077B8B1 /* RelatedLinksCell.swift in Sources */ = {isa = PBXBuildFile; fileRef = 5B6B83F22CE351C60077B8B1 /* RelatedLinksCell.swift */; };
		5B6B83F52CE351D30077B8B1 /* RelatedLinksCell.xib in Resources */ = {isa = PBXBuildFile; fileRef = 5B6B83F42CE351D30077B8B1 /* RelatedLinksCell.xib */; };
		5B6B83F82CE353AD0077B8B1 /* Storyboarded.swift in Sources */ = {isa = PBXBuildFile; fileRef = 5B6B83F72CE353AD0077B8B1 /* Storyboarded.swift */; };
		5B6B83FA2CE3710E0077B8B1 /* CharacterContentCell.swift in Sources */ = {isa = PBXBuildFile; fileRef = 5B6B83F92CE3710E0077B8B1 /* CharacterContentCell.swift */; };
		5B6B83FC2CE371150077B8B1 /* CharacterContentCell.xib in Resources */ = {isa = PBXBuildFile; fileRef = 5B6B83FB2CE371150077B8B1 /* CharacterContentCell.xib */; };
		5B6B83FE2CE379630077B8B1 /* MarvelCharactersDetailsViewModel.swift in Sources */ = {isa = PBXBuildFile; fileRef = 5B6B83FD2CE379630077B8B1 /* MarvelCharactersDetailsViewModel.swift */; };
		5BBE5DDF2CE2A53D00FE61DA /* AppDelegate.swift in Sources */ = {isa = PBXBuildFile; fileRef = 5BBE5DDE2CE2A53D00FE61DA /* AppDelegate.swift */; };
		5BBE5DE12CE2A53D00FE61DA /* SceneDelegate.swift in Sources */ = {isa = PBXBuildFile; fileRef = 5BBE5DE02CE2A53D00FE61DA /* SceneDelegate.swift */; };
		5BBE5DE32CE2A53D00FE61DA /* MarvelCharactersListVC.swift in Sources */ = {isa = PBXBuildFile; fileRef = 5BBE5DE22CE2A53D00FE61DA /* MarvelCharactersListVC.swift */; };
		5BBE5DE62CE2A53D00FE61DA /* Base in Resources */ = {isa = PBXBuildFile; fileRef = 5BBE5DE52CE2A53D00FE61DA /* Base */; };
		5BBE5DE82CE2A54000FE61DA /* Assets.xcassets in Resources */ = {isa = PBXBuildFile; fileRef = 5BBE5DE72CE2A54000FE61DA /* Assets.xcassets */; };
		5BBE5DEB2CE2A54000FE61DA /* Base in Resources */ = {isa = PBXBuildFile; fileRef = 5BBE5DEA2CE2A54000FE61DA /* Base */; };
		5BBE5E002CE2A54000FE61DA /* MarvelExplorerUITests.swift in Sources */ = {isa = PBXBuildFile; fileRef = 5BBE5DFF2CE2A54000FE61DA /* MarvelExplorerUITests.swift */; };
		5BBE5E022CE2A54000FE61DA /* MarvelExplorerUITestsLaunchTests.swift in Sources */ = {isa = PBXBuildFile; fileRef = 5BBE5E012CE2A54000FE61DA /* MarvelExplorerUITestsLaunchTests.swift */; };
		5BBE5E182CE2AC8700FE61DA /* MarvelCharacterViewCell.xib in Resources */ = {isa = PBXBuildFile; fileRef = 5BBE5E172CE2AC8700FE61DA /* MarvelCharacterViewCell.xib */; };
		5BBE5E1A2CE2B01900FE61DA /* MarvelCharactersListViewModel.swift in Sources */ = {isa = PBXBuildFile; fileRef = 5BBE5E192CE2B01900FE61DA /* MarvelCharactersListViewModel.swift */; };
		5BBE5E1D2CE2B1E100FE61DA /* MarvelCharactersService.swift in Sources */ = {isa = PBXBuildFile; fileRef = 5BBE5E1C2CE2B1E100FE61DA /* MarvelCharactersService.swift */; };
		5BBE5E1F2CE2B24B00FE61DA /* BaseService.swift in Sources */ = {isa = PBXBuildFile; fileRef = 5BBE5E1E2CE2B24B00FE61DA /* BaseService.swift */; };
		5BBE5E222CE2B3E200FE61DA /* Moya in Frameworks */ = {isa = PBXBuildFile; productRef = 5BBE5E212CE2B3E200FE61DA /* Moya */; };
		5BBE5E262CE2B49500FE61DA /* Constants.swift in Sources */ = {isa = PBXBuildFile; fileRef = 5BBE5E252CE2B49500FE61DA /* Constants.swift */; };
		5BBE5E292CE2B64000FE61DA /* Crypto+Extension.swift in Sources */ = {isa = PBXBuildFile; fileRef = 5BBE5E282CE2B64000FE61DA /* Crypto+Extension.swift */; };
		5BBE5E2C2CE2B6E400FE61DA /* MarvelAPIManager.swift in Sources */ = {isa = PBXBuildFile; fileRef = 5BBE5E2B2CE2B6E400FE61DA /* MarvelAPIManager.swift */; };
		5BBE5E2F2CE2B78C00FE61DA /* MarvelCharacter.swift in Sources */ = {isa = PBXBuildFile; fileRef = 5BBE5E2E2CE2B78C00FE61DA /* MarvelCharacter.swift */; };
		5BBE5E312CE2BD6500FE61DA /* KingFisher+Extension.swift in Sources */ = {isa = PBXBuildFile; fileRef = 5BBE5E302CE2BD6500FE61DA /* KingFisher+Extension.swift */; };
		5BBE5E322CE2BDC500FE61DA /* MarvelCharacterViewCell.swift in Sources */ = {isa = PBXBuildFile; fileRef = 5BBE5E112CE2A88F00FE61DA /* MarvelCharacterViewCell.swift */; };
		5BBF99412CE2C06700AC6F97 /* Kingfisher in Frameworks */ = {isa = PBXBuildFile; productRef = 5BBF99402CE2C06700AC6F97 /* Kingfisher */; };
		5BBF99432CE2C0BD00AC6F97 /* DispatchQueue+Extension.swift in Sources */ = {isa = PBXBuildFile; fileRef = 5BBF99422CE2C0BD00AC6F97 /* DispatchQueue+Extension.swift */; };
/* End PBXBuildFile section */

/* Begin PBXContainerItemProxy section */
		5BBE5DF22CE2A54000FE61DA /* PBXContainerItemProxy */ = {
			isa = PBXContainerItemProxy;
			containerPortal = 5BBE5DD32CE2A53D00FE61DA /* Project object */;
			proxyType = 1;
			remoteGlobalIDString = 5BBE5DDA2CE2A53D00FE61DA;
			remoteInfo = MarvelExplorer;
		};
		5BBE5DFC2CE2A54000FE61DA /* PBXContainerItemProxy */ = {
			isa = PBXContainerItemProxy;
			containerPortal = 5BBE5DD32CE2A53D00FE61DA /* Project object */;
			proxyType = 1;
			remoteGlobalIDString = 5BBE5DDA2CE2A53D00FE61DA;
			remoteInfo = MarvelExplorer;
		};
/* End PBXContainerItemProxy section */

/* Begin PBXFileReference section */
		5B616CF52CE395F100A0A352 /* MarvelResponse.swift */ = {isa = PBXFileReference; lastKnownFileType = sourcecode.swift; path = MarvelResponse.swift; sourceTree = "<group>"; };
		5B616CF82CE3B07100A0A352 /* MainCoordinator.swift */ = {isa = PBXFileReference; lastKnownFileType = sourcecode.swift; path = MainCoordinator.swift; sourceTree = "<group>"; };
		5B616CFA2CE3BD0500A0A352 /* MarvelCharactersListViewModelTests.swift */ = {isa = PBXFileReference; lastKnownFileType = sourcecode.swift; path = MarvelCharactersListViewModelTests.swift; sourceTree = "<group>"; };
		5B616CFD2CE3C3E700A0A352 /* MemoryLeakTracking.swift */ = {isa = PBXFileReference; lastKnownFileType = sourcecode.swift; path = MemoryLeakTracking.swift; sourceTree = "<group>"; };
		5B616CFF2CE3C40F00A0A352 /* MarvelAPIClientSpy.swift */ = {isa = PBXFileReference; lastKnownFileType = sourcecode.swift; path = MarvelAPIClientSpy.swift; sourceTree = "<group>"; };
		5B6B83D12CE2CC5E0077B8B1 /* MarvelCharactersDetailsVC.swift */ = {isa = PBXFileReference; lastKnownFileType = sourcecode.swift; path = MarvelCharactersDetailsVC.swift; sourceTree = "<group>"; };
		5B6B83D52CE322A50077B8B1 /* UIScrollView+Pagination.swift */ = {isa = PBXFileReference; lastKnownFileType = sourcecode.swift; path = "UIScrollView+Pagination.swift"; sourceTree = "<group>"; };
		5B6B83DB2CE3261B0077B8B1 /* LoadMoreTableViewFooter.xib */ = {isa = PBXFileReference; fileEncoding = 4; lastKnownFileType = file.xib; path = LoadMoreTableViewFooter.xib; sourceTree = "<group>"; };
		5B6B83DC2CE3261B0077B8B1 /* LoadMoreTableViewFooter.swift */ = {isa = PBXFileReference; fileEncoding = 4; lastKnownFileType = sourcecode.swift; path = LoadMoreTableViewFooter.swift; sourceTree = "<group>"; };
		5B6B83E62CE351690077B8B1 /* MainImageCell.xib */ = {isa = PBXFileReference; lastKnownFileType = file.xib; path = MainImageCell.xib; sourceTree = "<group>"; };
		5B6B83E82CE351750077B8B1 /* MainImageCell.swift */ = {isa = PBXFileReference; lastKnownFileType = sourcecode.swift; path = MainImageCell.swift; sourceTree = "<group>"; };
		5B6B83EA2CE351860077B8B1 /* CharacterInfoCell.xib */ = {isa = PBXFileReference; lastKnownFileType = file.xib; path = CharacterInfoCell.xib; sourceTree = "<group>"; };
		5B6B83EC2CE3518F0077B8B1 /* CharacterInfoCell.swift */ = {isa = PBXFileReference; lastKnownFileType = sourcecode.swift; path = CharacterInfoCell.swift; sourceTree = "<group>"; };
		5B6B83EE2CE351AF0077B8B1 /* CharacterContentContainerCell.swift */ = {isa = PBXFileReference; lastKnownFileType = sourcecode.swift; path = CharacterContentContainerCell.swift; sourceTree = "<group>"; };
		5B6B83F02CE351B70077B8B1 /* CharacterContentContainerCell.xib */ = {isa = PBXFileReference; lastKnownFileType = file.xib; path = CharacterContentContainerCell.xib; sourceTree = "<group>"; };
		5B6B83F22CE351C60077B8B1 /* RelatedLinksCell.swift */ = {isa = PBXFileReference; lastKnownFileType = sourcecode.swift; path = RelatedLinksCell.swift; sourceTree = "<group>"; };
		5B6B83F42CE351D30077B8B1 /* RelatedLinksCell.xib */ = {isa = PBXFileReference; lastKnownFileType = file.xib; path = RelatedLinksCell.xib; sourceTree = "<group>"; };
		5B6B83F72CE353AD0077B8B1 /* Storyboarded.swift */ = {isa = PBXFileReference; lastKnownFileType = sourcecode.swift; path = Storyboarded.swift; sourceTree = "<group>"; };
		5B6B83F92CE3710E0077B8B1 /* CharacterContentCell.swift */ = {isa = PBXFileReference; lastKnownFileType = sourcecode.swift; path = CharacterContentCell.swift; sourceTree = "<group>"; };
		5B6B83FB2CE371150077B8B1 /* CharacterContentCell.xib */ = {isa = PBXFileReference; lastKnownFileType = file.xib; path = CharacterContentCell.xib; sourceTree = "<group>"; };
		5B6B83FD2CE379630077B8B1 /* MarvelCharactersDetailsViewModel.swift */ = {isa = PBXFileReference; lastKnownFileType = sourcecode.swift; path = MarvelCharactersDetailsViewModel.swift; sourceTree = "<group>"; };
		5BBE5DDB2CE2A53D00FE61DA /* MarvelExplorer.app */ = {isa = PBXFileReference; explicitFileType = wrapper.application; includeInIndex = 0; path = MarvelExplorer.app; sourceTree = BUILT_PRODUCTS_DIR; };
		5BBE5DDE2CE2A53D00FE61DA /* AppDelegate.swift */ = {isa = PBXFileReference; lastKnownFileType = sourcecode.swift; path = AppDelegate.swift; sourceTree = "<group>"; };
		5BBE5DE02CE2A53D00FE61DA /* SceneDelegate.swift */ = {isa = PBXFileReference; lastKnownFileType = sourcecode.swift; path = SceneDelegate.swift; sourceTree = "<group>"; };
		5BBE5DE22CE2A53D00FE61DA /* MarvelCharactersListVC.swift */ = {isa = PBXFileReference; lastKnownFileType = sourcecode.swift; path = MarvelCharactersListVC.swift; sourceTree = "<group>"; };
		5BBE5DE52CE2A53D00FE61DA /* Base */ = {isa = PBXFileReference; lastKnownFileType = file.storyboard; name = Base; path = Base.lproj/Main.storyboard; sourceTree = "<group>"; };
		5BBE5DE72CE2A54000FE61DA /* Assets.xcassets */ = {isa = PBXFileReference; lastKnownFileType = folder.assetcatalog; path = Assets.xcassets; sourceTree = "<group>"; };
		5BBE5DEA2CE2A54000FE61DA /* Base */ = {isa = PBXFileReference; lastKnownFileType = file.storyboard; name = Base; path = Base.lproj/LaunchScreen.storyboard; sourceTree = "<group>"; };
		5BBE5DEC2CE2A54000FE61DA /* Info.plist */ = {isa = PBXFileReference; lastKnownFileType = text.plist.xml; path = Info.plist; sourceTree = "<group>"; };
		5BBE5DF12CE2A54000FE61DA /* MarvelExplorerTests.xctest */ = {isa = PBXFileReference; explicitFileType = wrapper.cfbundle; includeInIndex = 0; path = MarvelExplorerTests.xctest; sourceTree = BUILT_PRODUCTS_DIR; };
		5BBE5DFB2CE2A54000FE61DA /* MarvelExplorerUITests.xctest */ = {isa = PBXFileReference; explicitFileType = wrapper.cfbundle; includeInIndex = 0; path = MarvelExplorerUITests.xctest; sourceTree = BUILT_PRODUCTS_DIR; };
		5BBE5DFF2CE2A54000FE61DA /* MarvelExplorerUITests.swift */ = {isa = PBXFileReference; lastKnownFileType = sourcecode.swift; path = MarvelExplorerUITests.swift; sourceTree = "<group>"; };
		5BBE5E012CE2A54000FE61DA /* MarvelExplorerUITestsLaunchTests.swift */ = {isa = PBXFileReference; lastKnownFileType = sourcecode.swift; path = MarvelExplorerUITestsLaunchTests.swift; sourceTree = "<group>"; };
		5BBE5E112CE2A88F00FE61DA /* MarvelCharacterViewCell.swift */ = {isa = PBXFileReference; lastKnownFileType = sourcecode.swift; path = MarvelCharacterViewCell.swift; sourceTree = "<group>"; };
		5BBE5E172CE2AC8700FE61DA /* MarvelCharacterViewCell.xib */ = {isa = PBXFileReference; lastKnownFileType = file.xib; path = MarvelCharacterViewCell.xib; sourceTree = "<group>"; };
		5BBE5E192CE2B01900FE61DA /* MarvelCharactersListViewModel.swift */ = {isa = PBXFileReference; lastKnownFileType = sourcecode.swift; path = MarvelCharactersListViewModel.swift; sourceTree = "<group>"; };
		5BBE5E1C2CE2B1E100FE61DA /* MarvelCharactersService.swift */ = {isa = PBXFileReference; lastKnownFileType = sourcecode.swift; path = MarvelCharactersService.swift; sourceTree = "<group>"; };
		5BBE5E1E2CE2B24B00FE61DA /* BaseService.swift */ = {isa = PBXFileReference; lastKnownFileType = sourcecode.swift; path = BaseService.swift; sourceTree = "<group>"; };
		5BBE5E252CE2B49500FE61DA /* Constants.swift */ = {isa = PBXFileReference; lastKnownFileType = sourcecode.swift; path = Constants.swift; sourceTree = "<group>"; };
		5BBE5E282CE2B64000FE61DA /* Crypto+Extension.swift */ = {isa = PBXFileReference; lastKnownFileType = sourcecode.swift; path = "Crypto+Extension.swift"; sourceTree = "<group>"; };
		5BBE5E2B2CE2B6E400FE61DA /* MarvelAPIManager.swift */ = {isa = PBXFileReference; lastKnownFileType = sourcecode.swift; path = MarvelAPIManager.swift; sourceTree = "<group>"; };
		5BBE5E2E2CE2B78C00FE61DA /* MarvelCharacter.swift */ = {isa = PBXFileReference; lastKnownFileType = sourcecode.swift; path = MarvelCharacter.swift; sourceTree = "<group>"; };
		5BBE5E302CE2BD6500FE61DA /* KingFisher+Extension.swift */ = {isa = PBXFileReference; lastKnownFileType = sourcecode.swift; path = "KingFisher+Extension.swift"; sourceTree = "<group>"; };
		5BBF99422CE2C0BD00AC6F97 /* DispatchQueue+Extension.swift */ = {isa = PBXFileReference; lastKnownFileType = sourcecode.swift; path = "DispatchQueue+Extension.swift"; sourceTree = "<group>"; };
/* End PBXFileReference section */

/* Begin PBXFrameworksBuildPhase section */
		5BBE5DD82CE2A53D00FE61DA /* Frameworks */ = {
			isa = PBXFrameworksBuildPhase;
			buildActionMask = 2147483647;
			files = (
				5BBF99412CE2C06700AC6F97 /* Kingfisher in Frameworks */,
				5BBE5E222CE2B3E200FE61DA /* Moya in Frameworks */,
			);
			runOnlyForDeploymentPostprocessing = 0;
		};
		5BBE5DEE2CE2A54000FE61DA /* Frameworks */ = {
			isa = PBXFrameworksBuildPhase;
			buildActionMask = 2147483647;
			files = (
			);
			runOnlyForDeploymentPostprocessing = 0;
		};
		5BBE5DF82CE2A54000FE61DA /* Frameworks */ = {
			isa = PBXFrameworksBuildPhase;
			buildActionMask = 2147483647;
			files = (
			);
			runOnlyForDeploymentPostprocessing = 0;
		};
/* End PBXFrameworksBuildPhase section */

/* Begin PBXGroup section */
		5B616CF42CE395E200A0A352 /* Model */ = {
			isa = PBXGroup;
			children = (
				5B616CF52CE395F100A0A352 /* MarvelResponse.swift */,
			);
			path = Model;
			sourceTree = "<group>";
		};
		5B616CF72CE3B06000A0A352 /* Coordinator */ = {
			isa = PBXGroup;
			children = (
				5B616CF82CE3B07100A0A352 /* MainCoordinator.swift */,
			);
			path = Coordinator;
			sourceTree = "<group>";
		};
		5B616CFC2CE3C3D900A0A352 /* Helpers */ = {
			isa = PBXGroup;
			children = (
				5B616CFD2CE3C3E700A0A352 /* MemoryLeakTracking.swift */,
				5B616CFF2CE3C40F00A0A352 /* MarvelAPIClientSpy.swift */,
			);
			path = Helpers;
			sourceTree = "<group>";
		};
		5B6B83CE2CE2CC310077B8B1 /* CharactersDetailsVC */ = {
			isa = PBXGroup;
			children = (
				5B616CF42CE395E200A0A352 /* Model */,
				5B6B83D02CE2CC400077B8B1 /* ViewModel */,
				5B6B83CF2CE2CC3B0077B8B1 /* View */,
			);
			path = CharactersDetailsVC;
			sourceTree = "<group>";
		};
		5B6B83CF2CE2CC3B0077B8B1 /* View */ = {
			isa = PBXGroup;
			children = (
				5B6B83E12CE351080077B8B1 /* Cells */,
				5B6B83D12CE2CC5E0077B8B1 /* MarvelCharactersDetailsVC.swift */,
			);
			path = View;
			sourceTree = "<group>";
		};
		5B6B83D02CE2CC400077B8B1 /* ViewModel */ = {
			isa = PBXGroup;
			children = (
				5B6B83FD2CE379630077B8B1 /* MarvelCharactersDetailsViewModel.swift */,
			);
			path = ViewModel;
			sourceTree = "<group>";
		};
		5B6B83D32CE2CCB50077B8B1 /* MarvelCharacters */ = {
			isa = PBXGroup;
			children = (
				5BBE5E0E2CE2A85C00FE61DA /* CharactersListVC */,
				5B6B83CE2CE2CC310077B8B1 /* CharactersDetailsVC */,
			);
			path = MarvelCharacters;
			sourceTree = "<group>";
		};
		5B6B83D72CE325520077B8B1 /* Shared */ = {
			isa = PBXGroup;
			children = (
				5B6B83D82CE325610077B8B1 /* Views */,
			);
			path = Shared;
			sourceTree = "<group>";
		};
		5B6B83D82CE325610077B8B1 /* Views */ = {
			isa = PBXGroup;
			children = (
				5B6B83DC2CE3261B0077B8B1 /* LoadMoreTableViewFooter.swift */,
				5B6B83DB2CE3261B0077B8B1 /* LoadMoreTableViewFooter.xib */,
			);
			path = Views;
			sourceTree = "<group>";
		};
		5B6B83E12CE351080077B8B1 /* Cells */ = {
			isa = PBXGroup;
			children = (
				5B6B83E82CE351750077B8B1 /* MainImageCell.swift */,
				5B6B83E62CE351690077B8B1 /* MainImageCell.xib */,
				5B6B83EC2CE3518F0077B8B1 /* CharacterInfoCell.swift */,
				5B6B83EA2CE351860077B8B1 /* CharacterInfoCell.xib */,
				5B6B83EE2CE351AF0077B8B1 /* CharacterContentContainerCell.swift */,
				5B6B83F02CE351B70077B8B1 /* CharacterContentContainerCell.xib */,
				5B6B83F92CE3710E0077B8B1 /* CharacterContentCell.swift */,
				5B6B83FB2CE371150077B8B1 /* CharacterContentCell.xib */,
				5B6B83F22CE351C60077B8B1 /* RelatedLinksCell.swift */,
				5B6B83F42CE351D30077B8B1 /* RelatedLinksCell.xib */,
			);
			path = Cells;
			sourceTree = "<group>";
		};
		5B6B83F62CE353A00077B8B1 /* StoryBoarded */ = {
			isa = PBXGroup;
			children = (
				5B6B83F72CE353AD0077B8B1 /* Storyboarded.swift */,
			);
			path = StoryBoarded;
			sourceTree = "<group>";
		};
		5BBE5DD22CE2A53D00FE61DA = {
			isa = PBXGroup;
			children = (
				5BBE5DDD2CE2A53D00FE61DA /* MarvelExplorer */,
				5BBE5DF42CE2A54000FE61DA /* MarvelExplorerTests */,
				5BBE5DFE2CE2A54000FE61DA /* MarvelExplorerUITests */,
				5BBE5DDC2CE2A53D00FE61DA /* Products */,
			);
			sourceTree = "<group>";
		};
		5BBE5DDC2CE2A53D00FE61DA /* Products */ = {
			isa = PBXGroup;
			children = (
				5BBE5DDB2CE2A53D00FE61DA /* MarvelExplorer.app */,
				5BBE5DF12CE2A54000FE61DA /* MarvelExplorerTests.xctest */,
				5BBE5DFB2CE2A54000FE61DA /* MarvelExplorerUITests.xctest */,
			);
			name = Products;
			sourceTree = "<group>";
		};
		5BBE5DDD2CE2A53D00FE61DA /* MarvelExplorer */ = {
			isa = PBXGroup;
			children = (
				5B616CF72CE3B06000A0A352 /* Coordinator */,
				5B6B83D32CE2CCB50077B8B1 /* MarvelCharacters */,
				5BBE5E142CE2A8AC00FE61DA /* Services */,
				5BBE5E242CE2B48600FE61DA /* Helpers */,
				5B6B83D72CE325520077B8B1 /* Shared */,
				5BBE5DDE2CE2A53D00FE61DA /* AppDelegate.swift */,
				5BBE5DE02CE2A53D00FE61DA /* SceneDelegate.swift */,
				5BBE5DE42CE2A53D00FE61DA /* Main.storyboard */,
				5BBE5DE72CE2A54000FE61DA /* Assets.xcassets */,
				5BBE5DE92CE2A54000FE61DA /* LaunchScreen.storyboard */,
				5BBE5DEC2CE2A54000FE61DA /* Info.plist */,
			);
			path = MarvelExplorer;
			sourceTree = "<group>";
		};
		5BBE5DF42CE2A54000FE61DA /* MarvelExplorerTests */ = {
			isa = PBXGroup;
			children = (
				5B616CFC2CE3C3D900A0A352 /* Helpers */,
				5B616CFA2CE3BD0500A0A352 /* MarvelCharactersListViewModelTests.swift */,
			);
			path = MarvelExplorerTests;
			sourceTree = "<group>";
		};
		5BBE5DFE2CE2A54000FE61DA /* MarvelExplorerUITests */ = {
			isa = PBXGroup;
			children = (
				5BBE5DFF2CE2A54000FE61DA /* MarvelExplorerUITests.swift */,
				5BBE5E012CE2A54000FE61DA /* MarvelExplorerUITestsLaunchTests.swift */,
			);
			path = MarvelExplorerUITests;
			sourceTree = "<group>";
		};
		5BBE5E0E2CE2A85C00FE61DA /* CharactersListVC */ = {
			isa = PBXGroup;
			children = (
				5BBE5E2A2CE2B6D700FE61DA /* Manager */,
				5BBE5E2D2CE2B76400FE61DA /* Model */,
				5BBE5E132CE2A89F00FE61DA /* ViewModel */,
				5BBE5E0F2CE2A86F00FE61DA /* Views */,
			);
			path = CharactersListVC;
			sourceTree = "<group>";
		};
		5BBE5E0F2CE2A86F00FE61DA /* Views */ = {
			isa = PBXGroup;
			children = (
				5BBE5E102CE2A87C00FE61DA /* Cells */,
				5BBE5DE22CE2A53D00FE61DA /* MarvelCharactersListVC.swift */,
			);
			path = Views;
			sourceTree = "<group>";
		};
		5BBE5E102CE2A87C00FE61DA /* Cells */ = {
			isa = PBXGroup;
			children = (
				5BBE5E112CE2A88F00FE61DA /* MarvelCharacterViewCell.swift */,
				5BBE5E172CE2AC8700FE61DA /* MarvelCharacterViewCell.xib */,
			);
			path = Cells;
			sourceTree = "<group>";
		};
		5BBE5E132CE2A89F00FE61DA /* ViewModel */ = {
			isa = PBXGroup;
			children = (
				5BBE5E192CE2B01900FE61DA /* MarvelCharactersListViewModel.swift */,
			);
			path = ViewModel;
			sourceTree = "<group>";
		};
		5BBE5E142CE2A8AC00FE61DA /* Services */ = {
			isa = PBXGroup;
			children = (
				5BBE5E1E2CE2B24B00FE61DA /* BaseService.swift */,
				5BBE5E1C2CE2B1E100FE61DA /* MarvelCharactersService.swift */,
			);
			path = Services;
			sourceTree = "<group>";
		};
		5BBE5E232CE2B47100FE61DA /* Constants */ = {
			isa = PBXGroup;
			children = (
				5BBE5E252CE2B49500FE61DA /* Constants.swift */,
			);
			path = Constants;
			sourceTree = "<group>";
		};
		5BBE5E242CE2B48600FE61DA /* Helpers */ = {
			isa = PBXGroup;
			children = (
				5B6B83F62CE353A00077B8B1 /* StoryBoarded */,
				5BBE5E272CE2B63300FE61DA /* Extensions */,
				5BBE5E232CE2B47100FE61DA /* Constants */,
			);
			path = Helpers;
			sourceTree = "<group>";
		};
		5BBE5E272CE2B63300FE61DA /* Extensions */ = {
			isa = PBXGroup;
			children = (
				5BBE5E282CE2B64000FE61DA /* Crypto+Extension.swift */,
				5BBE5E302CE2BD6500FE61DA /* KingFisher+Extension.swift */,
				5BBF99422CE2C0BD00AC6F97 /* DispatchQueue+Extension.swift */,
				5B6B83D52CE322A50077B8B1 /* UIScrollView+Pagination.swift */,
			);
			path = Extensions;
			sourceTree = "<group>";
		};
		5BBE5E2A2CE2B6D700FE61DA /* Manager */ = {
			isa = PBXGroup;
			children = (
				5BBE5E2B2CE2B6E400FE61DA /* MarvelAPIManager.swift */,
			);
			path = Manager;
			sourceTree = "<group>";
		};
		5BBE5E2D2CE2B76400FE61DA /* Model */ = {
			isa = PBXGroup;
			children = (
				5BBE5E2E2CE2B78C00FE61DA /* MarvelCharacter.swift */,
			);
			path = Model;
			sourceTree = "<group>";
		};
/* End PBXGroup section */

/* Begin PBXNativeTarget section */
		5BBE5DDA2CE2A53D00FE61DA /* MarvelExplorer */ = {
			isa = PBXNativeTarget;
			buildConfigurationList = 5BBE5E052CE2A54000FE61DA /* Build configuration list for PBXNativeTarget "MarvelExplorer" */;
			buildPhases = (
				5BBE5DD72CE2A53D00FE61DA /* Sources */,
				5BBE5DD82CE2A53D00FE61DA /* Frameworks */,
				5BBE5DD92CE2A53D00FE61DA /* Resources */,
			);
			buildRules = (
			);
			dependencies = (
			);
			name = MarvelExplorer;
			packageProductDependencies = (
				5BBE5E212CE2B3E200FE61DA /* Moya */,
				5BBF99402CE2C06700AC6F97 /* Kingfisher */,
			);
			productName = MarvelExplorer;
			productReference = 5BBE5DDB2CE2A53D00FE61DA /* MarvelExplorer.app */;
			productType = "com.apple.product-type.application";
		};
		5BBE5DF02CE2A54000FE61DA /* MarvelExplorerTests */ = {
			isa = PBXNativeTarget;
			buildConfigurationList = 5BBE5E082CE2A54000FE61DA /* Build configuration list for PBXNativeTarget "MarvelExplorerTests" */;
			buildPhases = (
				5BBE5DED2CE2A54000FE61DA /* Sources */,
				5BBE5DEE2CE2A54000FE61DA /* Frameworks */,
				5BBE5DEF2CE2A54000FE61DA /* Resources */,
			);
			buildRules = (
			);
			dependencies = (
				5BBE5DF32CE2A54000FE61DA /* PBXTargetDependency */,
			);
			name = MarvelExplorerTests;
			productName = MarvelExplorerTests;
			productReference = 5BBE5DF12CE2A54000FE61DA /* MarvelExplorerTests.xctest */;
			productType = "com.apple.product-type.bundle.unit-test";
		};
		5BBE5DFA2CE2A54000FE61DA /* MarvelExplorerUITests */ = {
			isa = PBXNativeTarget;
			buildConfigurationList = 5BBE5E0B2CE2A54000FE61DA /* Build configuration list for PBXNativeTarget "MarvelExplorerUITests" */;
			buildPhases = (
				5BBE5DF72CE2A54000FE61DA /* Sources */,
				5BBE5DF82CE2A54000FE61DA /* Frameworks */,
				5BBE5DF92CE2A54000FE61DA /* Resources */,
			);
			buildRules = (
			);
			dependencies = (
				5BBE5DFD2CE2A54000FE61DA /* PBXTargetDependency */,
			);
			name = MarvelExplorerUITests;
			productName = MarvelExplorerUITests;
			productReference = 5BBE5DFB2CE2A54000FE61DA /* MarvelExplorerUITests.xctest */;
			productType = "com.apple.product-type.bundle.ui-testing";
		};
/* End PBXNativeTarget section */

/* Begin PBXProject section */
		5BBE5DD32CE2A53D00FE61DA /* Project object */ = {
			isa = PBXProject;
			attributes = {
				BuildIndependentTargetsInParallel = 1;
				LastSwiftUpdateCheck = 1530;
				LastUpgradeCheck = 1530;
				TargetAttributes = {
					5BBE5DDA2CE2A53D00FE61DA = {
						CreatedOnToolsVersion = 15.3;
					};
					5BBE5DF02CE2A54000FE61DA = {
						CreatedOnToolsVersion = 15.3;
						TestTargetID = 5BBE5DDA2CE2A53D00FE61DA;
					};
					5BBE5DFA2CE2A54000FE61DA = {
						CreatedOnToolsVersion = 15.3;
						TestTargetID = 5BBE5DDA2CE2A53D00FE61DA;
					};
				};
			};
			buildConfigurationList = 5BBE5DD62CE2A53D00FE61DA /* Build configuration list for PBXProject "MarvelExplorer" */;
			compatibilityVersion = "Xcode 14.0";
			developmentRegion = en;
			hasScannedForEncodings = 0;
			knownRegions = (
				en,
				Base,
			);
			mainGroup = 5BBE5DD22CE2A53D00FE61DA;
			packageReferences = (
				5BBE5E202CE2B3E200FE61DA /* XCRemoteSwiftPackageReference "Moya" */,
				5BBF993F2CE2C06700AC6F97 /* XCRemoteSwiftPackageReference "Kingfisher" */,
			);
			productRefGroup = 5BBE5DDC2CE2A53D00FE61DA /* Products */;
			projectDirPath = "";
			projectRoot = "";
			targets = (
				5BBE5DDA2CE2A53D00FE61DA /* MarvelExplorer */,
				5BBE5DF02CE2A54000FE61DA /* MarvelExplorerTests */,
				5BBE5DFA2CE2A54000FE61DA /* MarvelExplorerUITests */,
			);
		};
/* End PBXProject section */

/* Begin PBXResourcesBuildPhase section */
		5BBE5DD92CE2A53D00FE61DA /* Resources */ = {
			isa = PBXResourcesBuildPhase;
			buildActionMask = 2147483647;
			files = (
				5B6B83DD2CE3261B0077B8B1 /* LoadMoreTableViewFooter.xib in Resources */,
				5B6B83F12CE351B70077B8B1 /* CharacterContentContainerCell.xib in Resources */,
				5B6B83F52CE351D30077B8B1 /* RelatedLinksCell.xib in Resources */,
				5BBE5DE82CE2A54000FE61DA /* Assets.xcassets in Resources */,
				5B6B83E72CE351690077B8B1 /* MainImageCell.xib in Resources */,
				5BBE5DEB2CE2A54000FE61DA /* Base in Resources */,
				5B6B83EB2CE351860077B8B1 /* CharacterInfoCell.xib in Resources */,
				5BBE5DE62CE2A53D00FE61DA /* Base in Resources */,
				5BBE5E182CE2AC8700FE61DA /* MarvelCharacterViewCell.xib in Resources */,
				5B6B83FC2CE371150077B8B1 /* CharacterContentCell.xib in Resources */,
			);
			runOnlyForDeploymentPostprocessing = 0;
		};
		5BBE5DEF2CE2A54000FE61DA /* Resources */ = {
			isa = PBXResourcesBuildPhase;
			buildActionMask = 2147483647;
			files = (
			);
			runOnlyForDeploymentPostprocessing = 0;
		};
		5BBE5DF92CE2A54000FE61DA /* Resources */ = {
			isa = PBXResourcesBuildPhase;
			buildActionMask = 2147483647;
			files = (
			);
			runOnlyForDeploymentPostprocessing = 0;
		};
/* End PBXResourcesBuildPhase section */

/* Begin PBXSourcesBuildPhase section */
		5BBE5DD72CE2A53D00FE61DA /* Sources */ = {
			isa = PBXSourcesBuildPhase;
			buildActionMask = 2147483647;
			files = (
				5BBE5DE32CE2A53D00FE61DA /* MarvelCharactersListVC.swift in Sources */,
				5B6B83FE2CE379630077B8B1 /* MarvelCharactersDetailsViewModel.swift in Sources */,
				5BBE5E2F2CE2B78C00FE61DA /* MarvelCharacter.swift in Sources */,
				5BBE5DDF2CE2A53D00FE61DA /* AppDelegate.swift in Sources */,
				5BBE5DE12CE2A53D00FE61DA /* SceneDelegate.swift in Sources */,
				5B6B83D22CE2CC5E0077B8B1 /* MarvelCharactersDetailsVC.swift in Sources */,
				5BBE5E1A2CE2B01900FE61DA /* MarvelCharactersListViewModel.swift in Sources */,
				5B6B83D62CE322A50077B8B1 /* UIScrollView+Pagination.swift in Sources */,
				5B6B83F32CE351C60077B8B1 /* RelatedLinksCell.swift in Sources */,
				5BBE5E1F2CE2B24B00FE61DA /* BaseService.swift in Sources */,
				5B6B83E92CE351750077B8B1 /* MainImageCell.swift in Sources */,
				5B6B83ED2CE3518F0077B8B1 /* CharacterInfoCell.swift in Sources */,
				5BBE5E2C2CE2B6E400FE61DA /* MarvelAPIManager.swift in Sources */,
				5B616CF62CE395F100A0A352 /* MarvelResponse.swift in Sources */,
				5B6B83EF2CE351AF0077B8B1 /* CharacterContentContainerCell.swift in Sources */,
				5BBE5E1D2CE2B1E100FE61DA /* MarvelCharactersService.swift in Sources */,
				5BBE5E292CE2B64000FE61DA /* Crypto+Extension.swift in Sources */,
				5BBE5E262CE2B49500FE61DA /* Constants.swift in Sources */,
				5BBE5E312CE2BD6500FE61DA /* KingFisher+Extension.swift in Sources */,
				5B6B83DE2CE3261B0077B8B1 /* LoadMoreTableViewFooter.swift in Sources */,
				5BBF99432CE2C0BD00AC6F97 /* DispatchQueue+Extension.swift in Sources */,
				5B6B83FA2CE3710E0077B8B1 /* CharacterContentCell.swift in Sources */,
				5B616CF92CE3B07100A0A352 /* MainCoordinator.swift in Sources */,
				5BBE5E322CE2BDC500FE61DA /* MarvelCharacterViewCell.swift in Sources */,
				5B6B83F82CE353AD0077B8B1 /* Storyboarded.swift in Sources */,
			);
			runOnlyForDeploymentPostprocessing = 0;
		};
		5BBE5DED2CE2A54000FE61DA /* Sources */ = {
			isa = PBXSourcesBuildPhase;
			buildActionMask = 2147483647;
			files = (
				5B616CFE2CE3C3E700A0A352 /* MemoryLeakTracking.swift in Sources */,
				5B616CFB2CE3BD0500A0A352 /* MarvelCharactersListViewModelTests.swift in Sources */,
				5B616D002CE3C40F00A0A352 /* MarvelAPIClientSpy.swift in Sources */,
			);
			runOnlyForDeploymentPostprocessing = 0;
		};
		5BBE5DF72CE2A54000FE61DA /* Sources */ = {
			isa = PBXSourcesBuildPhase;
			buildActionMask = 2147483647;
			files = (
				5BBE5E022CE2A54000FE61DA /* MarvelExplorerUITestsLaunchTests.swift in Sources */,
				5BBE5E002CE2A54000FE61DA /* MarvelExplorerUITests.swift in Sources */,
			);
			runOnlyForDeploymentPostprocessing = 0;
		};
/* End PBXSourcesBuildPhase section */

/* Begin PBXTargetDependency section */
		5BBE5DF32CE2A54000FE61DA /* PBXTargetDependency */ = {
			isa = PBXTargetDependency;
			target = 5BBE5DDA2CE2A53D00FE61DA /* MarvelExplorer */;
			targetProxy = 5BBE5DF22CE2A54000FE61DA /* PBXContainerItemProxy */;
		};
		5BBE5DFD2CE2A54000FE61DA /* PBXTargetDependency */ = {
			isa = PBXTargetDependency;
			target = 5BBE5DDA2CE2A53D00FE61DA /* MarvelExplorer */;
			targetProxy = 5BBE5DFC2CE2A54000FE61DA /* PBXContainerItemProxy */;
		};
/* End PBXTargetDependency section */

/* Begin PBXVariantGroup section */
		5BBE5DE42CE2A53D00FE61DA /* Main.storyboard */ = {
			isa = PBXVariantGroup;
			children = (
				5BBE5DE52CE2A53D00FE61DA /* Base */,
			);
			name = Main.storyboard;
			sourceTree = "<group>";
		};
		5BBE5DE92CE2A54000FE61DA /* LaunchScreen.storyboard */ = {
			isa = PBXVariantGroup;
			children = (
				5BBE5DEA2CE2A54000FE61DA /* Base */,
			);
			name = LaunchScreen.storyboard;
			sourceTree = "<group>";
		};
/* End PBXVariantGroup section */

/* Begin XCBuildConfiguration section */
		5BBE5E032CE2A54000FE61DA /* Debug */ = {
			isa = XCBuildConfiguration;
			buildSettings = {
				ALWAYS_SEARCH_USER_PATHS = NO;
				ASSETCATALOG_COMPILER_GENERATE_SWIFT_ASSET_SYMBOL_EXTENSIONS = YES;
				CLANG_ANALYZER_NONNULL = YES;
				CLANG_ANALYZER_NUMBER_OBJECT_CONVERSION = YES_AGGRESSIVE;
				CLANG_CXX_LANGUAGE_STANDARD = "gnu++20";
				CLANG_ENABLE_MODULES = YES;
				CLANG_ENABLE_OBJC_ARC = YES;
				CLANG_ENABLE_OBJC_WEAK = YES;
				CLANG_WARN_BLOCK_CAPTURE_AUTORELEASING = YES;
				CLANG_WARN_BOOL_CONVERSION = YES;
				CLANG_WARN_COMMA = YES;
				CLANG_WARN_CONSTANT_CONVERSION = YES;
				CLANG_WARN_DEPRECATED_OBJC_IMPLEMENTATIONS = YES;
				CLANG_WARN_DIRECT_OBJC_ISA_USAGE = YES_ERROR;
				CLANG_WARN_DOCUMENTATION_COMMENTS = YES;
				CLANG_WARN_EMPTY_BODY = YES;
				CLANG_WARN_ENUM_CONVERSION = YES;
				CLANG_WARN_INFINITE_RECURSION = YES;
				CLANG_WARN_INT_CONVERSION = YES;
				CLANG_WARN_NON_LITERAL_NULL_CONVERSION = YES;
				CLANG_WARN_OBJC_IMPLICIT_RETAIN_SELF = YES;
				CLANG_WARN_OBJC_LITERAL_CONVERSION = YES;
				CLANG_WARN_OBJC_ROOT_CLASS = YES_ERROR;
				CLANG_WARN_QUOTED_INCLUDE_IN_FRAMEWORK_HEADER = YES;
				CLANG_WARN_RANGE_LOOP_ANALYSIS = YES;
				CLANG_WARN_STRICT_PROTOTYPES = YES;
				CLANG_WARN_SUSPICIOUS_MOVE = YES;
				CLANG_WARN_UNGUARDED_AVAILABILITY = YES_AGGRESSIVE;
				CLANG_WARN_UNREACHABLE_CODE = YES;
				CLANG_WARN__DUPLICATE_METHOD_MATCH = YES;
				COPY_PHASE_STRIP = NO;
				DEBUG_INFORMATION_FORMAT = dwarf;
				ENABLE_STRICT_OBJC_MSGSEND = YES;
				ENABLE_TESTABILITY = YES;
				ENABLE_USER_SCRIPT_SANDBOXING = YES;
				GCC_C_LANGUAGE_STANDARD = gnu17;
				GCC_DYNAMIC_NO_PIC = NO;
				GCC_NO_COMMON_BLOCKS = YES;
				GCC_OPTIMIZATION_LEVEL = 0;
				GCC_PREPROCESSOR_DEFINITIONS = (
					"DEBUG=1",
					"$(inherited)",
				);
				GCC_WARN_64_TO_32_BIT_CONVERSION = YES;
				GCC_WARN_ABOUT_RETURN_TYPE = YES_ERROR;
				GCC_WARN_UNDECLARED_SELECTOR = YES;
				GCC_WARN_UNINITIALIZED_AUTOS = YES_AGGRESSIVE;
				GCC_WARN_UNUSED_FUNCTION = YES;
				GCC_WARN_UNUSED_VARIABLE = YES;
				IPHONEOS_DEPLOYMENT_TARGET = 17.4;
				LOCALIZATION_PREFERS_STRING_CATALOGS = YES;
				MTL_ENABLE_DEBUG_INFO = INCLUDE_SOURCE;
				MTL_FAST_MATH = YES;
				ONLY_ACTIVE_ARCH = YES;
				SDKROOT = iphoneos;
				SWIFT_ACTIVE_COMPILATION_CONDITIONS = "DEBUG $(inherited)";
				SWIFT_OPTIMIZATION_LEVEL = "-Onone";
			};
			name = Debug;
		};
		5BBE5E042CE2A54000FE61DA /* Release */ = {
			isa = XCBuildConfiguration;
			buildSettings = {
				ALWAYS_SEARCH_USER_PATHS = NO;
				ASSETCATALOG_COMPILER_GENERATE_SWIFT_ASSET_SYMBOL_EXTENSIONS = YES;
				CLANG_ANALYZER_NONNULL = YES;
				CLANG_ANALYZER_NUMBER_OBJECT_CONVERSION = YES_AGGRESSIVE;
				CLANG_CXX_LANGUAGE_STANDARD = "gnu++20";
				CLANG_ENABLE_MODULES = YES;
				CLANG_ENABLE_OBJC_ARC = YES;
				CLANG_ENABLE_OBJC_WEAK = YES;
				CLANG_WARN_BLOCK_CAPTURE_AUTORELEASING = YES;
				CLANG_WARN_BOOL_CONVERSION = YES;
				CLANG_WARN_COMMA = YES;
				CLANG_WARN_CONSTANT_CONVERSION = YES;
				CLANG_WARN_DEPRECATED_OBJC_IMPLEMENTATIONS = YES;
				CLANG_WARN_DIRECT_OBJC_ISA_USAGE = YES_ERROR;
				CLANG_WARN_DOCUMENTATION_COMMENTS = YES;
				CLANG_WARN_EMPTY_BODY = YES;
				CLANG_WARN_ENUM_CONVERSION = YES;
				CLANG_WARN_INFINITE_RECURSION = YES;
				CLANG_WARN_INT_CONVERSION = YES;
				CLANG_WARN_NON_LITERAL_NULL_CONVERSION = YES;
				CLANG_WARN_OBJC_IMPLICIT_RETAIN_SELF = YES;
				CLANG_WARN_OBJC_LITERAL_CONVERSION = YES;
				CLANG_WARN_OBJC_ROOT_CLASS = YES_ERROR;
				CLANG_WARN_QUOTED_INCLUDE_IN_FRAMEWORK_HEADER = YES;
				CLANG_WARN_RANGE_LOOP_ANALYSIS = YES;
				CLANG_WARN_STRICT_PROTOTYPES = YES;
				CLANG_WARN_SUSPICIOUS_MOVE = YES;
				CLANG_WARN_UNGUARDED_AVAILABILITY = YES_AGGRESSIVE;
				CLANG_WARN_UNREACHABLE_CODE = YES;
				CLANG_WARN__DUPLICATE_METHOD_MATCH = YES;
				COPY_PHASE_STRIP = NO;
				DEBUG_INFORMATION_FORMAT = "dwarf-with-dsym";
				ENABLE_NS_ASSERTIONS = NO;
				ENABLE_STRICT_OBJC_MSGSEND = YES;
				ENABLE_USER_SCRIPT_SANDBOXING = YES;
				GCC_C_LANGUAGE_STANDARD = gnu17;
				GCC_NO_COMMON_BLOCKS = YES;
				GCC_WARN_64_TO_32_BIT_CONVERSION = YES;
				GCC_WARN_ABOUT_RETURN_TYPE = YES_ERROR;
				GCC_WARN_UNDECLARED_SELECTOR = YES;
				GCC_WARN_UNINITIALIZED_AUTOS = YES_AGGRESSIVE;
				GCC_WARN_UNUSED_FUNCTION = YES;
				GCC_WARN_UNUSED_VARIABLE = YES;
				IPHONEOS_DEPLOYMENT_TARGET = 17.4;
				LOCALIZATION_PREFERS_STRING_CATALOGS = YES;
				MTL_ENABLE_DEBUG_INFO = NO;
				MTL_FAST_MATH = YES;
				SDKROOT = iphoneos;
				SWIFT_COMPILATION_MODE = wholemodule;
				VALIDATE_PRODUCT = YES;
			};
			name = Release;
		};
		5BBE5E062CE2A54000FE61DA /* Debug */ = {
			isa = XCBuildConfiguration;
			buildSettings = {
				ASSETCATALOG_COMPILER_APPICON_NAME = AppIcon;
				ASSETCATALOG_COMPILER_GLOBAL_ACCENT_COLOR_NAME = AccentColor;
				CODE_SIGN_STYLE = Automatic;
				CURRENT_PROJECT_VERSION = 1;
				DEVELOPMENT_TEAM = NTYSB85A4Z;
				GENERATE_INFOPLIST_FILE = YES;
				INFOPLIST_FILE = MarvelExplorer/Info.plist;
				INFOPLIST_KEY_UIApplicationSupportsIndirectInputEvents = YES;
				INFOPLIST_KEY_UILaunchStoryboardName = LaunchScreen;
				INFOPLIST_KEY_UIMainStoryboardFile = Main;
				INFOPLIST_KEY_UISupportedInterfaceOrientations = UIInterfaceOrientationPortrait;
				INFOPLIST_KEY_UIUserInterfaceStyle = Light;
				LD_RUNPATH_SEARCH_PATHS = (
					"$(inherited)",
					"@executable_path/Frameworks",
				);
				MARKETING_VERSION = 1.0;
				PRODUCT_BUNDLE_IDENTIFIER = com.MarvelExplorer.MarvelExplorer;
				PRODUCT_NAME = "$(TARGET_NAME)";
				SWIFT_EMIT_LOC_STRINGS = YES;
				SWIFT_VERSION = 5.0;
				TARGETED_DEVICE_FAMILY = "1,2";
			};
			name = Debug;
		};
		5BBE5E072CE2A54000FE61DA /* Release */ = {
			isa = XCBuildConfiguration;
			buildSettings = {
				ASSETCATALOG_COMPILER_APPICON_NAME = AppIcon;
				ASSETCATALOG_COMPILER_GLOBAL_ACCENT_COLOR_NAME = AccentColor;
				CODE_SIGN_STYLE = Automatic;
				CURRENT_PROJECT_VERSION = 1;
				DEVELOPMENT_TEAM = NTYSB85A4Z;
				GENERATE_INFOPLIST_FILE = YES;
				INFOPLIST_FILE = MarvelExplorer/Info.plist;
				INFOPLIST_KEY_UIApplicationSupportsIndirectInputEvents = YES;
				INFOPLIST_KEY_UILaunchStoryboardName = LaunchScreen;
				INFOPLIST_KEY_UIMainStoryboardFile = Main;
				INFOPLIST_KEY_UISupportedInterfaceOrientations = UIInterfaceOrientationPortrait;
				INFOPLIST_KEY_UIUserInterfaceStyle = Light;
				LD_RUNPATH_SEARCH_PATHS = (
					"$(inherited)",
					"@executable_path/Frameworks",
				);
				MARKETING_VERSION = 1.0;
				PRODUCT_BUNDLE_IDENTIFIER = com.MarvelExplorer.MarvelExplorer;
				PRODUCT_NAME = "$(TARGET_NAME)";
				SWIFT_EMIT_LOC_STRINGS = YES;
				SWIFT_VERSION = 5.0;
				TARGETED_DEVICE_FAMILY = "1,2";
			};
			name = Release;
		};
		5BBE5E092CE2A54000FE61DA /* Debug */ = {
			isa = XCBuildConfiguration;
			buildSettings = {
				ALWAYS_EMBED_SWIFT_STANDARD_LIBRARIES = YES;
				BUNDLE_LOADER = "$(TEST_HOST)";
				CODE_SIGN_STYLE = Automatic;
				CURRENT_PROJECT_VERSION = 1;
				DEVELOPMENT_TEAM = NTYSB85A4Z;
				GENERATE_INFOPLIST_FILE = YES;
				IPHONEOS_DEPLOYMENT_TARGET = 17.4;
				MARKETING_VERSION = 1.0;
				PRODUCT_BUNDLE_IDENTIFIER = com.MarvelExplorer.MarvelExplorerTests;
				PRODUCT_NAME = "$(TARGET_NAME)";
				SWIFT_EMIT_LOC_STRINGS = NO;
				SWIFT_VERSION = 5.0;
				TARGETED_DEVICE_FAMILY = "1,2";
				TEST_HOST = "$(BUILT_PRODUCTS_DIR)/MarvelExplorer.app/$(BUNDLE_EXECUTABLE_FOLDER_PATH)/MarvelExplorer";
			};
			name = Debug;
		};
		5BBE5E0A2CE2A54000FE61DA /* Release */ = {
			isa = XCBuildConfiguration;
			buildSettings = {
				ALWAYS_EMBED_SWIFT_STANDARD_LIBRARIES = YES;
				BUNDLE_LOADER = "$(TEST_HOST)";
				CODE_SIGN_STYLE = Automatic;
				CURRENT_PROJECT_VERSION = 1;
				DEVELOPMENT_TEAM = NTYSB85A4Z;
				GENERATE_INFOPLIST_FILE = YES;
				IPHONEOS_DEPLOYMENT_TARGET = 17.4;
				MARKETING_VERSION = 1.0;
				PRODUCT_BUNDLE_IDENTIFIER = com.MarvelExplorer.MarvelExplorerTests;
				PRODUCT_NAME = "$(TARGET_NAME)";
				SWIFT_EMIT_LOC_STRINGS = NO;
				SWIFT_VERSION = 5.0;
				TARGETED_DEVICE_FAMILY = "1,2";
				TEST_HOST = "$(BUILT_PRODUCTS_DIR)/MarvelExplorer.app/$(BUNDLE_EXECUTABLE_FOLDER_PATH)/MarvelExplorer";
			};
			name = Release;
		};
		5BBE5E0C2CE2A54000FE61DA /* Debug */ = {
			isa = XCBuildConfiguration;
			buildSettings = {
				ALWAYS_EMBED_SWIFT_STANDARD_LIBRARIES = YES;
				CODE_SIGN_STYLE = Automatic;
				CURRENT_PROJECT_VERSION = 1;
				DEVELOPMENT_TEAM = NTYSB85A4Z;
				GENERATE_INFOPLIST_FILE = YES;
				MARKETING_VERSION = 1.0;
				PRODUCT_BUNDLE_IDENTIFIER = com.MarvelExplorer.MarvelExplorerUITests;
				PRODUCT_NAME = "$(TARGET_NAME)";
				SWIFT_EMIT_LOC_STRINGS = NO;
				SWIFT_VERSION = 5.0;
				TARGETED_DEVICE_FAMILY = "1,2";
				TEST_TARGET_NAME = MarvelExplorer;
			};
			name = Debug;
		};
		5BBE5E0D2CE2A54000FE61DA /* Release */ = {
			isa = XCBuildConfiguration;
			buildSettings = {
				ALWAYS_EMBED_SWIFT_STANDARD_LIBRARIES = YES;
				CODE_SIGN_STYLE = Automatic;
				CURRENT_PROJECT_VERSION = 1;
				DEVELOPMENT_TEAM = NTYSB85A4Z;
				GENERATE_INFOPLIST_FILE = YES;
				MARKETING_VERSION = 1.0;
				PRODUCT_BUNDLE_IDENTIFIER = com.MarvelExplorer.MarvelExplorerUITests;
				PRODUCT_NAME = "$(TARGET_NAME)";
				SWIFT_EMIT_LOC_STRINGS = NO;
				SWIFT_VERSION = 5.0;
				TARGETED_DEVICE_FAMILY = "1,2";
				TEST_TARGET_NAME = MarvelExplorer;
			};
			name = Release;
		};
/* End XCBuildConfiguration section */

/* Begin XCConfigurationList section */
		5BBE5DD62CE2A53D00FE61DA /* Build configuration list for PBXProject "MarvelExplorer" */ = {
			isa = XCConfigurationList;
			buildConfigurations = (
				5BBE5E032CE2A54000FE61DA /* Debug */,
				5BBE5E042CE2A54000FE61DA /* Release */,
			);
			defaultConfigurationIsVisible = 0;
			defaultConfigurationName = Release;
		};
		5BBE5E052CE2A54000FE61DA /* Build configuration list for PBXNativeTarget "MarvelExplorer" */ = {
			isa = XCConfigurationList;
			buildConfigurations = (
				5BBE5E062CE2A54000FE61DA /* Debug */,
				5BBE5E072CE2A54000FE61DA /* Release */,
			);
			defaultConfigurationIsVisible = 0;
			defaultConfigurationName = Release;
		};
		5BBE5E082CE2A54000FE61DA /* Build configuration list for PBXNativeTarget "MarvelExplorerTests" */ = {
			isa = XCConfigurationList;
			buildConfigurations = (
				5BBE5E092CE2A54000FE61DA /* Debug */,
				5BBE5E0A2CE2A54000FE61DA /* Release */,
			);
			defaultConfigurationIsVisible = 0;
			defaultConfigurationName = Release;
		};
		5BBE5E0B2CE2A54000FE61DA /* Build configuration list for PBXNativeTarget "MarvelExplorerUITests" */ = {
			isa = XCConfigurationList;
			buildConfigurations = (
				5BBE5E0C2CE2A54000FE61DA /* Debug */,
				5BBE5E0D2CE2A54000FE61DA /* Release */,
			);
			defaultConfigurationIsVisible = 0;
			defaultConfigurationName = Release;
		};
/* End XCConfigurationList section */

/* Begin XCRemoteSwiftPackageReference section */
		5BBE5E202CE2B3E200FE61DA /* XCRemoteSwiftPackageReference "Moya" */ = {
			isa = XCRemoteSwiftPackageReference;
			repositoryURL = "https://github.com/Moya/Moya.git";
			requirement = {
				kind = exactVersion;
				version = 14.0.1;
			};
		};
		5BBF993F2CE2C06700AC6F97 /* XCRemoteSwiftPackageReference "Kingfisher" */ = {
			isa = XCRemoteSwiftPackageReference;
			repositoryURL = "https://github.com/onevcat/Kingfisher.git";
			requirement = {
				kind = exactVersion;
				version = 7.11.0;
			};
		};
/* End XCRemoteSwiftPackageReference section */

/* Begin XCSwiftPackageProductDependency section */
		5BBE5E212CE2B3E200FE61DA /* Moya */ = {
			isa = XCSwiftPackageProductDependency;
			package = 5BBE5E202CE2B3E200FE61DA /* XCRemoteSwiftPackageReference "Moya" */;
			productName = Moya;
		};
		5BBF99402CE2C06700AC6F97 /* Kingfisher */ = {
			isa = XCSwiftPackageProductDependency;
			package = 5BBF993F2CE2C06700AC6F97 /* XCRemoteSwiftPackageReference "Kingfisher" */;
			productName = Kingfisher;
		};
/* End XCSwiftPackageProductDependency section */
	};
	rootObject = 5BBE5DD32CE2A53D00FE61DA /* Project object */;
}
